
Microsoft Visual Studio Solution File, Format Version 12.00
# Visual Studio Version 16
VisualStudioVersion = 16.0.29411.108
MinimumVisualStudioVersion = 10.0.40219.1
Project("{FAE04EC0-301F-11D3-BF4B-00C04F79EFBC}") = "Carmera.Host", "Carmera.Host\Carmera.Host.csproj", "{6BCD8D0E-3990-4BAA-A69A-4881869542E3}"
EndProject
Global
	GlobalSection(SolutionConfigurationPlatforms) = preSolution
		Debug|Any CPU = Debug|Any CPU
		Release|Any CPU = Release|Any CPU
	EndGlobalSection
	GlobalSection(ProjectConfigurationPlatforms) = postSolution
		{6BCD8D0E-3990-4BAA-A69A-4881869542E3}.Debug|Any CPU.ActiveCfg = Debug|Any CPU
		{6BCD8D0E-3990-4BAA-A69A-4881869542E3}.Debug|Any CPU.Build.0 = Debug|Any CPU
		{6BCD8D0E-3990-4BAA-A69A-4881869542E3}.Release|Any CPU.ActiveCfg = Release|Any CPU
		{6BCD8D0E-3990-4BAA-A69A-4881869542E3}.Release|Any CPU.Build.0 = Release|Any CPU
	EndGlobalSection
	GlobalSection(SolutionProperties) = preSolution
		HideSolutionNode = FALSE
	EndGlobalSection
	GlobalSection(ExtensibilityGlobals) = postSolution
		SolutionGuid = {8822864E-B429-476C-9B50-26033382F221}
	EndGlobalSection
EndGlobal
